{
    "_meta": {
        "hash": {
            "sha256": "40bf4a96b0bd05e8dfbb78a0a977dcce339c568adf9c359777b43c732e9c378d"
        },
        "pipfile-spec": 6,
        "requires": {
            "python_version": "3.8"
        },
        "sources": [
            {
                "name": "pypi",
                "url": "https://pypi.org/simple",
                "verify_ssl": true
            }
        ]
    },
    "default": {
        "asgiref": {
            "hashes": [
                "sha256:7e51911ee147dd685c3c8b805c0ad0cb58d360987b56953878f8c06d2d1c6f1a",
                "sha256:9fc6fb5d39b8af147ba40765234fa822b39818b12cc80b35ad9b0cef3a476aed"
            ],
            "version": "==3.2.10"
        },
        "django": {
            "hashes": [
                "sha256:31a5fbbea5fc71c99e288ec0b2f00302a0a92c44b13ede80b73a6a4d6d205582",
                "sha256:5457fc953ec560c5521b41fad9e6734a4668b7ba205832191bbdff40ec61073c"
            ],
            "index": "pypi",
            "version": "==3.0.8"
        },
        "pyactiveresource": {
            "hashes": [
                "sha256:8de445c65608133c8d2135a81d44ce4d73cc614204e8b1814c6f04c4d3d73b12"
            ],
            "version": "==2.2.1"
        },
        "pytz": {
            "hashes": [
                "sha256:a494d53b6d39c3c6e44c3bec237336e14305e4f29bbf800b599253057fbb79ed",
                "sha256:c35965d010ce31b23eeb663ed3cc8c906275d6be1a34393a1d73a41febf4a048"
            ],
            "version": "==2020.1"
        },
        "pyyaml": {
            "hashes": [
                "sha256:06a0d7ba600ce0b2d2fe2e78453a470b5a6e000a985dd4a4e54e436cc36b0e97",
                "sha256:240097ff019d7c70a4922b6869d8a86407758333f02203e0fc6ff79c5dcede76",
                "sha256:4f4b913ca1a7319b33cfb1369e91e50354d6f07a135f3b901aca02aa95940bd2",
                "sha256:69f00dca373f240f842b2931fb2c7e14ddbacd1397d57157a9b005a6a9942648",
                "sha256:73f099454b799e05e5ab51423c7bcf361c58d3206fa7b0d555426b1f4d9a3eaf",
                "sha256:74809a57b329d6cc0fdccee6318f44b9b8649961fa73144a98735b0aaf029f1f",
                "sha256:7739fc0fa8205b3ee8808aea45e968bc90082c10aef6ea95e855e10abf4a37b2",
                "sha256:95f71d2af0ff4227885f7a6605c37fd53d3a106fcab511b8860ecca9fcf400ee",
                "sha256:b8eac752c5e14d3eca0e6dd9199cd627518cb5ec06add0de9d32baeee6fe645d",
                "sha256:cc8955cfbfc7a115fa81d85284ee61147059a753344bc51098f3ccd69b0d7e0c",
                "sha256:d13155f591e6fcc1ec3b30685d50bf0711574e2c0dfffd7644babf8b5102ca1a"
            ],
            "version": "==5.3.1"
        },
        "shopifyapi": {
            "hashes": [
                "sha256:94eb70581d9a2ee7327bfe80a453d07b7a2c1c9379dac5202ba2bcad4a9faf3a"
            ],
            "index": "pypi",
            "version": "==8.0.1"
        },
        "six": {
            "hashes": [
                "sha256:30639c035cdb23534cd4aa2dd52c3bf48f06e5f4a941509c8bafd8ce11080259",
                "sha256:8b74bedcbbbaca38ff6d7491d76f2b06b3592611af620f8426e82dddb04a5ced"
            ],
            "version": "==1.15.0"
        },
        "sqlparse": {
            "hashes": [
                "sha256:022fb9c87b524d1f7862b3037e541f68597a730a8843245c349fc93e1643dc4e",
                "sha256:e162203737712307dfe78860cc56c8da8a852ab2ee33750e33aeadf38d12c548"
            ],
            "version": "==0.3.1"
        }
    },
    "develop": {}
}
